
Microsoft Visual Studio Solution File, Format Version 12.00
# Visual Studio Version 16
VisualStudioVersion = 16.0.30011.22
MinimumVisualStudioVersion = 10.0.40219.1
Project("{2150E333-8FDC-42A3-9474-1A3956D46DE8}") = "Website", "Website", "{60A9FB56-BF61-4983-B345-94A0946CFCB1}"
EndProject
Project("{FAE04EC0-301F-11D3-BF4B-00C04F79EFBC}") = "GSDevelopment", "src\GSDevelopment\GSDevelopment.csproj", "{284F6FBF-0A6A-4547-BC2D-8FA9F6333BBA}"
EndProject
Global
	GlobalSection(SolutionConfigurationPlatforms) = preSolution
		Debug|Any CPU = Debug|Any CPU
		Release|Any CPU = Release|Any CPU
	EndGlobalSection
	GlobalSection(ProjectConfigurationPlatforms) = postSolution
		{284F6FBF-0A6A-4547-BC2D-8FA9F6333BBA}.Debug|Any CPU.ActiveCfg = Debug|Any CPU
		{284F6FBF-0A6A-4547-BC2D-8FA9F6333BBA}.Debug|Any CPU.Build.0 = Debug|Any CPU
		{284F6FBF-0A6A-4547-BC2D-8FA9F6333BBA}.Release|Any CPU.ActiveCfg = Release|Any CPU
		{284F6FBF-0A6A-4547-BC2D-8FA9F6333BBA}.Release|Any CPU.Build.0 = Release|Any CPU
	EndGlobalSection
	GlobalSection(SolutionProperties) = preSolution
		HideSolutionNode = FALSE
	EndGlobalSection
	GlobalSection(NestedProjects) = preSolution
		{284F6FBF-0A6A-4547-BC2D-8FA9F6333BBA} = {60A9FB56-BF61-4983-B345-94A0946CFCB1}
	EndGlobalSection
	GlobalSection(ExtensibilityGlobals) = postSolution
		SolutionGuid = {842CF0C5-4565-4C8E-A82A-BF146EF8373D}
	EndGlobalSection
EndGlobal
